
Microsoft Visual Studio Solution File, Format Version 12.00
# Visual Studio Version 17
VisualStudioVersion = 17.7.34031.279
MinimumVisualStudioVersion = 10.0.40219.1
Project("{9A19103F-16F7-4668-BE54-9A1E7A4F7556}") = "Business", "Business\Business.csproj", "{FFE4C850-23D2-4B7B-B8DC-15C58948B47B}"
EndProject
Project("{9A19103F-16F7-4668-BE54-9A1E7A4F7556}") = "DataAccess", "DataAccess\DataAccess.csproj", "{5969084E-398C-403B-B344-98EA5D8706AF}"
EndProject
Project("{9A19103F-16F7-4668-BE54-9A1E7A4F7556}") = "Entities", "Entities\Entities.csproj", "{FA43A703-1DED-4D8C-845A-5CD789037986}"
EndProject
Project("{9A19103F-16F7-4668-BE54-9A1E7A4F7556}") = "ConsoleUI", "ConsoleUI\ConsoleUI.csproj", "{2D2D9979-2D46-426A-AD01-7415CBD85EA8}"
EndProject
Project("{9A19103F-16F7-4668-BE54-9A1E7A4F7556}") = "Core", "Core\Core.csproj", "{717851A4-2C62-4DA2-A3D5-ACECA627951A}"
EndProject
Project("{FAE04EC0-301F-11D3-BF4B-00C04F79EFBC}") = "WebAPI", "WebAPI\WebAPI.csproj", "{1E045871-AEF1-40B5-A80B-2B5B425EAC99}"
EndProject
Global
	GlobalSection(SolutionConfigurationPlatforms) = preSolution
		Debug|Any CPU = Debug|Any CPU
		Release|Any CPU = Release|Any CPU
	EndGlobalSection
	GlobalSection(ProjectConfigurationPlatforms) = postSolution
		{FFE4C850-23D2-4B7B-B8DC-15C58948B47B}.Debug|Any CPU.ActiveCfg = Debug|Any CPU
		{FFE4C850-23D2-4B7B-B8DC-15C58948B47B}.Debug|Any CPU.Build.0 = Debug|Any CPU
		{FFE4C850-23D2-4B7B-B8DC-15C58948B47B}.Release|Any CPU.ActiveCfg = Release|Any CPU
		{FFE4C850-23D2-4B7B-B8DC-15C58948B47B}.Release|Any CPU.Build.0 = Release|Any CPU
		{5969084E-398C-403B-B344-98EA5D8706AF}.Debug|Any CPU.ActiveCfg = Debug|Any CPU
		{5969084E-398C-403B-B344-98EA5D8706AF}.Debug|Any CPU.Build.0 = Debug|Any CPU
		{5969084E-398C-403B-B344-98EA5D8706AF}.Release|Any CPU.ActiveCfg = Release|Any CPU
		{5969084E-398C-403B-B344-98EA5D8706AF}.Release|Any CPU.Build.0 = Release|Any CPU
		{FA43A703-1DED-4D8C-845A-5CD789037986}.Debug|Any CPU.ActiveCfg = Debug|Any CPU
		{FA43A703-1DED-4D8C-845A-5CD789037986}.Debug|Any CPU.Build.0 = Debug|Any CPU
		{FA43A703-1DED-4D8C-845A-5CD789037986}.Release|Any CPU.ActiveCfg = Release|Any CPU
		{FA43A703-1DED-4D8C-845A-5CD789037986}.Release|Any CPU.Build.0 = Release|Any CPU
		{2D2D9979-2D46-426A-AD01-7415CBD85EA8}.Debug|Any CPU.ActiveCfg = Debug|Any CPU
		{2D2D9979-2D46-426A-AD01-7415CBD85EA8}.Debug|Any CPU.Build.0 = Debug|Any CPU
		{2D2D9979-2D46-426A-AD01-7415CBD85EA8}.Release|Any CPU.ActiveCfg = Release|Any CPU
		{2D2D9979-2D46-426A-AD01-7415CBD85EA8}.Release|Any CPU.Build.0 = Release|Any CPU
		{717851A4-2C62-4DA2-A3D5-ACECA627951A}.Debug|Any CPU.ActiveCfg = Debug|Any CPU
		{717851A4-2C62-4DA2-A3D5-ACECA627951A}.Debug|Any CPU.Build.0 = Debug|Any CPU
		{717851A4-2C62-4DA2-A3D5-ACECA627951A}.Release|Any CPU.ActiveCfg = Release|Any CPU
		{717851A4-2C62-4DA2-A3D5-ACECA627951A}.Release|Any CPU.Build.0 = Release|Any CPU
		{1E045871-AEF1-40B5-A80B-2B5B425EAC99}.Debug|Any CPU.ActiveCfg = Debug|Any CPU
		{1E045871-AEF1-40B5-A80B-2B5B425EAC99}.Debug|Any CPU.Build.0 = Debug|Any CPU
		{1E045871-AEF1-40B5-A80B-2B5B425EAC99}.Release|Any CPU.ActiveCfg = Release|Any CPU
		{1E045871-AEF1-40B5-A80B-2B5B425EAC99}.Release|Any CPU.Build.0 = Release|Any CPU
	EndGlobalSection
	GlobalSection(SolutionProperties) = preSolution
		HideSolutionNode = FALSE
	EndGlobalSection
	GlobalSection(ExtensibilityGlobals) = postSolution
		SolutionGuid = {53F0EFDF-86B1-4B51-A31D-FD2E9F88DE20}
	EndGlobalSection
EndGlobal
